// !$*UTF8*$!
{
	archiveVersion = 1;
	classes = {
	};
	objectVersion = 50;
	objects = {

/* Begin PBXBuildFile section */
		EF0D012A239143AB0095DCD3 /* ImagePicker.swift in Sources */ = {isa = PBXBuildFile; fileRef = EF0D0129239143AB0095DCD3 /* ImagePicker.swift */; };
		EF0D012C23918D440095DCD3 /* ItemOptionCell.swift in Sources */ = {isa = PBXBuildFile; fileRef = EF0D012B23918D440095DCD3 /* ItemOptionCell.swift */; };
		EF25850C238CCE6800971ADB /* AppDelegate.swift in Sources */ = {isa = PBXBuildFile; fileRef = EF25850B238CCE6800971ADB /* AppDelegate.swift */; };
		EF25850E238CCE6800971ADB /* SceneDelegate.swift in Sources */ = {isa = PBXBuildFile; fileRef = EF25850D238CCE6800971ADB /* SceneDelegate.swift */; };
		EF258510238CCE6800971ADB /* ViewController.swift in Sources */ = {isa = PBXBuildFile; fileRef = EF25850F238CCE6800971ADB /* ViewController.swift */; };
		EF258513238CCE6800971ADB /* Main.storyboard in Resources */ = {isa = PBXBuildFile; fileRef = EF258511238CCE6800971ADB /* Main.storyboard */; };
		EF258516238CCE6800971ADB /* PanViewApp.xcdatamodeld in Sources */ = {isa = PBXBuildFile; fileRef = EF258514238CCE6800971ADB /* PanViewApp.xcdatamodeld */; };
		EF258518238CCE6900971ADB /* Assets.xcassets in Resources */ = {isa = PBXBuildFile; fileRef = EF258517238CCE6900971ADB /* Assets.xcassets */; };
		EF25851B238CCE6900971ADB /* LaunchScreen.storyboard in Resources */ = {isa = PBXBuildFile; fileRef = EF258519238CCE6900971ADB /* LaunchScreen.storyboard */; };
		EF25852A238CD15000971ADB /* MenuOption.swift in Sources */ = {isa = PBXBuildFile; fileRef = EF258529238CD15000971ADB /* MenuOption.swift */; };
		EF25852C238CD16700971ADB /* MenuOptionCell.swift in Sources */ = {isa = PBXBuildFile; fileRef = EF25852B238CD16700971ADB /* MenuOptionCell.swift */; };
		EF258531238CD17D00971ADB /* HomeController.swift in Sources */ = {isa = PBXBuildFile; fileRef = EF25852D238CD17C00971ADB /* HomeController.swift */; };
		EF258532238CD17D00971ADB /* ContainerController.swift in Sources */ = {isa = PBXBuildFile; fileRef = EF25852E238CD17C00971ADB /* ContainerController.swift */; };
		EF258533238CD17D00971ADB /* MenuController.swift in Sources */ = {isa = PBXBuildFile; fileRef = EF25852F238CD17D00971ADB /* MenuController.swift */; };
		EF258534238CD17D00971ADB /* SettingsController.swift in Sources */ = {isa = PBXBuildFile; fileRef = EF258530238CD17D00971ADB /* SettingsController.swift */; };
		EF258536238CD18F00971ADB /* Protocols.swift in Sources */ = {isa = PBXBuildFile; fileRef = EF258535238CD18F00971ADB /* Protocols.swift */; };
		EF29B778238E1C0100EE4694 /* ProfileController.swift in Sources */ = {isa = PBXBuildFile; fileRef = EF29B777238E1C0100EE4694 /* ProfileController.swift */; };
		EF2D4C0723902C1000A982E7 /* AddItemController.swift in Sources */ = {isa = PBXBuildFile; fileRef = EF2D4C0623902C1000A982E7 /* AddItemController.swift */; };
/* End PBXBuildFile section */

/* Begin PBXFileReference section */
		EF0D0129239143AB0095DCD3 /* ImagePicker.swift */ = {isa = PBXFileReference; lastKnownFileType = sourcecode.swift; path = ImagePicker.swift; sourceTree = "<group>"; };
		EF0D012B23918D440095DCD3 /* ItemOptionCell.swift */ = {isa = PBXFileReference; lastKnownFileType = sourcecode.swift; path = ItemOptionCell.swift; sourceTree = "<group>"; };
		EF258508238CCE6800971ADB /* PanViewApp.app */ = {isa = PBXFileReference; explicitFileType = wrapper.application; includeInIndex = 0; path = PanViewApp.app; sourceTree = BUILT_PRODUCTS_DIR; };
		EF25850B238CCE6800971ADB /* AppDelegate.swift */ = {isa = PBXFileReference; lastKnownFileType = sourcecode.swift; path = AppDelegate.swift; sourceTree = "<group>"; };
		EF25850D238CCE6800971ADB /* SceneDelegate.swift */ = {isa = PBXFileReference; lastKnownFileType = sourcecode.swift; path = SceneDelegate.swift; sourceTree = "<group>"; };
		EF25850F238CCE6800971ADB /* ViewController.swift */ = {isa = PBXFileReference; lastKnownFileType = sourcecode.swift; path = ViewController.swift; sourceTree = "<group>"; };
		EF258512238CCE6800971ADB /* Base */ = {isa = PBXFileReference; lastKnownFileType = file.storyboard; name = Base; path = Base.lproj/Main.storyboard; sourceTree = "<group>"; };
		EF258515238CCE6800971ADB /* PanViewApp.xcdatamodel */ = {isa = PBXFileReference; lastKnownFileType = wrapper.xcdatamodel; path = PanViewApp.xcdatamodel; sourceTree = "<group>"; };
		EF258517238CCE6900971ADB /* Assets.xcassets */ = {isa = PBXFileReference; lastKnownFileType = folder.assetcatalog; path = Assets.xcassets; sourceTree = "<group>"; };
		EF25851A238CCE6900971ADB /* Base */ = {isa = PBXFileReference; lastKnownFileType = file.storyboard; name = Base; path = Base.lproj/LaunchScreen.storyboard; sourceTree = "<group>"; };
		EF25851C238CCE6900971ADB /* Info.plist */ = {isa = PBXFileReference; lastKnownFileType = text.plist.xml; path = Info.plist; sourceTree = "<group>"; };
		EF258529238CD15000971ADB /* MenuOption.swift */ = {isa = PBXFileReference; fileEncoding = 4; lastKnownFileType = sourcecode.swift; path = MenuOption.swift; sourceTree = "<group>"; };
		EF25852B238CD16700971ADB /* MenuOptionCell.swift */ = {isa = PBXFileReference; fileEncoding = 4; lastKnownFileType = sourcecode.swift; path = MenuOptionCell.swift; sourceTree = "<group>"; };
		EF25852D238CD17C00971ADB /* HomeController.swift */ = {isa = PBXFileReference; fileEncoding = 4; lastKnownFileType = sourcecode.swift; path = HomeController.swift; sourceTree = "<group>"; };
		EF25852E238CD17C00971ADB /* ContainerController.swift */ = {isa = PBXFileReference; fileEncoding = 4; lastKnownFileType = sourcecode.swift; path = ContainerController.swift; sourceTree = "<group>"; };
		EF25852F238CD17D00971ADB /* MenuController.swift */ = {isa = PBXFileReference; fileEncoding = 4; lastKnownFileType = sourcecode.swift; path = MenuController.swift; sourceTree = "<group>"; };
		EF258530238CD17D00971ADB /* SettingsController.swift */ = {isa = PBXFileReference; fileEncoding = 4; lastKnownFileType = sourcecode.swift; path = SettingsController.swift; sourceTree = "<group>"; };
		EF258535238CD18F00971ADB /* Protocols.swift */ = {isa = PBXFileReference; fileEncoding = 4; lastKnownFileType = sourcecode.swift; path = Protocols.swift; sourceTree = "<group>"; };
		EF29B777238E1C0100EE4694 /* ProfileController.swift */ = {isa = PBXFileReference; lastKnownFileType = sourcecode.swift; path = ProfileController.swift; sourceTree = "<group>"; };
		EF2D4C0623902C1000A982E7 /* AddItemController.swift */ = {isa = PBXFileReference; lastKnownFileType = sourcecode.swift; path = AddItemController.swift; sourceTree = "<group>"; };
/* End PBXFileReference section */

/* Begin PBXFrameworksBuildPhase section */
		EF258505238CCE6800971ADB /* Frameworks */ = {
			isa = PBXFrameworksBuildPhase;
			buildActionMask = 2147483647;
			files = (
			);
			runOnlyForDeploymentPostprocessing = 0;
		};
/* End PBXFrameworksBuildPhase section */

/* Begin PBXGroup section */
		EF2584FF238CCE6800971ADB = {
			isa = PBXGroup;
			children = (
				EF25850A238CCE6800971ADB /* PanViewApp */,
				EF258509238CCE6800971ADB /* Products */,
			);
			sourceTree = "<group>";
		};
		EF258509238CCE6800971ADB /* Products */ = {
			isa = PBXGroup;
			children = (
				EF258508238CCE6800971ADB /* PanViewApp.app */,
			);
			name = Products;
			sourceTree = "<group>";
		};
		EF25850A238CCE6800971ADB /* PanViewApp */ = {
			isa = PBXGroup;
			children = (
				EF258528238CD10600971ADB /* Model */,
				EF258527238CD0FF00971ADB /* View */,
				EF258526238CD0FB00971ADB /* Controller */,
				EF258525238CD0F800971ADB /* Util */,
				EF25850B238CCE6800971ADB /* AppDelegate.swift */,
				EF25850D238CCE6800971ADB /* SceneDelegate.swift */,
				EF25850F238CCE6800971ADB /* ViewController.swift */,
				EF258511238CCE6800971ADB /* Main.storyboard */,
				EF258517238CCE6900971ADB /* Assets.xcassets */,
				EF258519238CCE6900971ADB /* LaunchScreen.storyboard */,
				EF25851C238CCE6900971ADB /* Info.plist */,
				EF258514238CCE6800971ADB /* PanViewApp.xcdatamodeld */,
			);
			path = PanViewApp;
			sourceTree = "<group>";
		};
		EF258525238CD0F800971ADB /* Util */ = {
			isa = PBXGroup;
			children = (
				EF258535238CD18F00971ADB /* Protocols.swift */,
			);
			path = Util;
			sourceTree = "<group>";
		};
		EF258526238CD0FB00971ADB /* Controller */ = {
			isa = PBXGroup;
			children = (
				EF25852E238CD17C00971ADB /* ContainerController.swift */,
				EF25852D238CD17C00971ADB /* HomeController.swift */,
				EF25852F238CD17D00971ADB /* MenuController.swift */,
				EF258530238CD17D00971ADB /* SettingsController.swift */,
				EF29B777238E1C0100EE4694 /* ProfileController.swift */,
				EF2D4C0623902C1000A982E7 /* AddItemController.swift */,
				EF0D0129239143AB0095DCD3 /* ImagePicker.swift */,
			);
			path = Controller;
			sourceTree = "<group>";
		};
		EF258527238CD0FF00971ADB /* View */ = {
			isa = PBXGroup;
			children = (
				EF25852B238CD16700971ADB /* MenuOptionCell.swift */,
				EF0D012B23918D440095DCD3 /* ItemOptionCell.swift */,
			);
			path = View;
			sourceTree = "<group>";
		};
		EF258528238CD10600971ADB /* Model */ = {
			isa = PBXGroup;
			children = (
				EF258529238CD15000971ADB /* MenuOption.swift */,
			);
			path = Model;
			sourceTree = "<group>";
		};
/* End PBXGroup section */

/* Begin PBXNativeTarget section */
		EF258507238CCE6800971ADB /* PanViewApp */ = {
			isa = PBXNativeTarget;
			buildConfigurationList = EF25851F238CCE6900971ADB /* Build configuration list for PBXNativeTarget "PanViewApp" */;
			buildPhases = (
				EF258504238CCE6800971ADB /* Sources */,
				EF258505238CCE6800971ADB /* Frameworks */,
				EF258506238CCE6800971ADB /* Resources */,
			);
			buildRules = (
			);
			dependencies = (
			);
			name = PanViewApp;
			productName = PanViewApp;
			productReference = EF258508238CCE6800971ADB /* PanViewApp.app */;
			productType = "com.apple.product-type.application";
		};
/* End PBXNativeTarget section */

/* Begin PBXProject section */
		EF258500238CCE6800971ADB /* Project object */ = {
			isa = PBXProject;
			attributes = {
				LastSwiftUpdateCheck = 1120;
				LastUpgradeCheck = 1120;
				ORGANIZATIONNAME = "Joel Gil";
				TargetAttributes = {
					EF258507238CCE6800971ADB = {
						CreatedOnToolsVersion = 11.2;
					};
				};
			};
			buildConfigurationList = EF258503238CCE6800971ADB /* Build configuration list for PBXProject "PanViewApp" */;
			compatibilityVersion = "Xcode 9.3";
			developmentRegion = en;
			hasScannedForEncodings = 0;
			knownRegions = (
				en,
				Base,
			);
			mainGroup = EF2584FF238CCE6800971ADB;
			productRefGroup = EF258509238CCE6800971ADB /* Products */;
			projectDirPath = "";
			projectRoot = "";
			targets = (
				EF258507238CCE6800971ADB /* PanViewApp */,
			);
		};
/* End PBXProject section */

/* Begin PBXResourcesBuildPhase section */
		EF258506238CCE6800971ADB /* Resources */ = {
			isa = PBXResourcesBuildPhase;
			buildActionMask = 2147483647;
			files = (
				EF25851B238CCE6900971ADB /* LaunchScreen.storyboard in Resources */,
				EF258518238CCE6900971ADB /* Assets.xcassets in Resources */,
				EF258513238CCE6800971ADB /* Main.storyboard in Resources */,
			);
			runOnlyForDeploymentPostprocessing = 0;
		};
/* End PBXResourcesBuildPhase section */

/* Begin PBXSourcesBuildPhase section */
		EF258504238CCE6800971ADB /* Sources */ = {
			isa = PBXSourcesBuildPhase;
			buildActionMask = 2147483647;
			files = (
				EF258510238CCE6800971ADB /* ViewController.swift in Sources */,
				EF258533238CD17D00971ADB /* MenuController.swift in Sources */,
				EF25852C238CD16700971ADB /* MenuOptionCell.swift in Sources */,
				EF0D012A239143AB0095DCD3 /* ImagePicker.swift in Sources */,
				EF0D012C23918D440095DCD3 /* ItemOptionCell.swift in Sources */,
				EF258536238CD18F00971ADB /* Protocols.swift in Sources */,
				EF258531238CD17D00971ADB /* HomeController.swift in Sources */,
				EF258532238CD17D00971ADB /* ContainerController.swift in Sources */,
				EF25850C238CCE6800971ADB /* AppDelegate.swift in Sources */,
				EF258534238CD17D00971ADB /* SettingsController.swift in Sources */,
				EF258516238CCE6800971ADB /* PanViewApp.xcdatamodeld in Sources */,
				EF25852A238CD15000971ADB /* MenuOption.swift in Sources */,
				EF25850E238CCE6800971ADB /* SceneDelegate.swift in Sources */,
				EF29B778238E1C0100EE4694 /* ProfileController.swift in Sources */,
				EF2D4C0723902C1000A982E7 /* AddItemController.swift in Sources */,
			);
			runOnlyForDeploymentPostprocessing = 0;
		};
/* End PBXSourcesBuildPhase section */

/* Begin PBXVariantGroup section */
		EF258511238CCE6800971ADB /* Main.storyboard */ = {
			isa = PBXVariantGroup;
			children = (
				EF258512238CCE6800971ADB /* Base */,
			);
			name = Main.storyboard;
			sourceTree = "<group>";
		};
		EF258519238CCE6900971ADB /* LaunchScreen.storyboard */ = {
			isa = PBXVariantGroup;
			children = (
				EF25851A238CCE6900971ADB /* Base */,
			);
			name = LaunchScreen.storyboard;
			sourceTree = "<group>";
		};
/* End PBXVariantGroup section */

/* Begin XCBuildConfiguration section */
		EF25851D238CCE6900971ADB /* Debug */ = {
			isa = XCBuildConfiguration;
			buildSettings = {
				ALWAYS_SEARCH_USER_PATHS = NO;
				CLANG_ANALYZER_NONNULL = YES;
				CLANG_ANALYZER_NUMBER_OBJECT_CONVERSION = YES_AGGRESSIVE;
				CLANG_CXX_LANGUAGE_STANDARD = "gnu++14";
				CLANG_CXX_LIBRARY = "libc++";
				CLANG_ENABLE_MODULES = YES;
				CLANG_ENABLE_OBJC_ARC = YES;
				CLANG_ENABLE_OBJC_WEAK = YES;
				CLANG_WARN_BLOCK_CAPTURE_AUTORELEASING = YES;
				CLANG_WARN_BOOL_CONVERSION = YES;
				CLANG_WARN_COMMA = YES;
				CLANG_WARN_CONSTANT_CONVERSION = YES;
				CLANG_WARN_DEPRECATED_OBJC_IMPLEMENTATIONS = YES;
				CLANG_WARN_DIRECT_OBJC_ISA_USAGE = YES_ERROR;
				CLANG_WARN_DOCUMENTATION_COMMENTS = YES;
				CLANG_WARN_EMPTY_BODY = YES;
				CLANG_WARN_ENUM_CONVERSION = YES;
				CLANG_WARN_INFINITE_RECURSION = YES;
				CLANG_WARN_INT_CONVERSION = YES;
				CLANG_WARN_NON_LITERAL_NULL_CONVERSION = YES;
				CLANG_WARN_OBJC_IMPLICIT_RETAIN_SELF = YES;
				CLANG_WARN_OBJC_LITERAL_CONVERSION = YES;
				CLANG_WARN_OBJC_ROOT_CLASS = YES_ERROR;
				CLANG_WARN_RANGE_LOOP_ANALYSIS = YES;
				CLANG_WARN_STRICT_PROTOTYPES = YES;
				CLANG_WARN_SUSPICIOUS_MOVE = YES;
				CLANG_WARN_UNGUARDED_AVAILABILITY = YES_AGGRESSIVE;
				CLANG_WARN_UNREACHABLE_CODE = YES;
				CLANG_WARN__DUPLICATE_METHOD_MATCH = YES;
				COPY_PHASE_STRIP = NO;
				DEBUG_INFORMATION_FORMAT = dwarf;
				ENABLE_STRICT_OBJC_MSGSEND = YES;
				ENABLE_TESTABILITY = YES;
				GCC_C_LANGUAGE_STANDARD = gnu11;
				GCC_DYNAMIC_NO_PIC = NO;
				GCC_NO_COMMON_BLOCKS = YES;
				GCC_OPTIMIZATION_LEVEL = 0;
				GCC_PREPROCESSOR_DEFINITIONS = (
					"DEBUG=1",
					"$(inherited)",
				);
				GCC_WARN_64_TO_32_BIT_CONVERSION = YES;
				GCC_WARN_ABOUT_RETURN_TYPE = YES_ERROR;
				GCC_WARN_UNDECLARED_SELECTOR = YES;
				GCC_WARN_UNINITIALIZED_AUTOS = YES_AGGRESSIVE;
				GCC_WARN_UNUSED_FUNCTION = YES;
				GCC_WARN_UNUSED_VARIABLE = YES;
				IPHONEOS_DEPLOYMENT_TARGET = 13.2;
				MTL_ENABLE_DEBUG_INFO = INCLUDE_SOURCE;
				MTL_FAST_MATH = YES;
				ONLY_ACTIVE_ARCH = YES;
				SDKROOT = iphoneos;
				SWIFT_ACTIVE_COMPILATION_CONDITIONS = DEBUG;
				SWIFT_OPTIMIZATION_LEVEL = "-Onone";
			};
			name = Debug;
		};
		EF25851E238CCE6900971ADB /* Release */ = {
			isa = XCBuildConfiguration;
			buildSettings = {
				ALWAYS_SEARCH_USER_PATHS = NO;
				CLANG_ANALYZER_NONNULL = YES;
				CLANG_ANALYZER_NUMBER_OBJECT_CONVERSION = YES_AGGRESSIVE;
				CLANG_CXX_LANGUAGE_STANDARD = "gnu++14";
				CLANG_CXX_LIBRARY = "libc++";
				CLANG_ENABLE_MODULES = YES;
				CLANG_ENABLE_OBJC_ARC = YES;
				CLANG_ENABLE_OBJC_WEAK = YES;
				CLANG_WARN_BLOCK_CAPTURE_AUTORELEASING = YES;
				CLANG_WARN_BOOL_CONVERSION = YES;
				CLANG_WARN_COMMA = YES;
				CLANG_WARN_CONSTANT_CONVERSION = YES;
				CLANG_WARN_DEPRECATED_OBJC_IMPLEMENTATIONS = YES;
				CLANG_WARN_DIRECT_OBJC_ISA_USAGE = YES_ERROR;
				CLANG_WARN_DOCUMENTATION_COMMENTS = YES;
				CLANG_WARN_EMPTY_BODY = YES;
				CLANG_WARN_ENUM_CONVERSION = YES;
				CLANG_WARN_INFINITE_RECURSION = YES;
				CLANG_WARN_INT_CONVERSION = YES;
				CLANG_WARN_NON_LITERAL_NULL_CONVERSION = YES;
				CLANG_WARN_OBJC_IMPLICIT_RETAIN_SELF = YES;
				CLANG_WARN_OBJC_LITERAL_CONVERSION = YES;
				CLANG_WARN_OBJC_ROOT_CLASS = YES_ERROR;
				CLANG_WARN_RANGE_LOOP_ANALYSIS = YES;
				CLANG_WARN_STRICT_PROTOTYPES = YES;
				CLANG_WARN_SUSPICIOUS_MOVE = YES;
				CLANG_WARN_UNGUARDED_AVAILABILITY = YES_AGGRESSIVE;
				CLANG_WARN_UNREACHABLE_CODE = YES;
				CLANG_WARN__DUPLICATE_METHOD_MATCH = YES;
				COPY_PHASE_STRIP = NO;
				DEBUG_INFORMATION_FORMAT = "dwarf-with-dsym";
				ENABLE_NS_ASSERTIONS = NO;
				ENABLE_STRICT_OBJC_MSGSEND = YES;
				GCC_C_LANGUAGE_STANDARD = gnu11;
				GCC_NO_COMMON_BLOCKS = YES;
				GCC_WARN_64_TO_32_BIT_CONVERSION = YES;
				GCC_WARN_ABOUT_RETURN_TYPE = YES_ERROR;
				GCC_WARN_UNDECLARED_SELECTOR = YES;
				GCC_WARN_UNINITIALIZED_AUTOS = YES_AGGRESSIVE;
				GCC_WARN_UNUSED_FUNCTION = YES;
				GCC_WARN_UNUSED_VARIABLE = YES;
				IPHONEOS_DEPLOYMENT_TARGET = 13.2;
				MTL_ENABLE_DEBUG_INFO = NO;
				MTL_FAST_MATH = YES;
				SDKROOT = iphoneos;
				SWIFT_COMPILATION_MODE = wholemodule;
				SWIFT_OPTIMIZATION_LEVEL = "-O";
				VALIDATE_PRODUCT = YES;
			};
			name = Release;
		};
		EF258520238CCE6900971ADB /* Debug */ = {
			isa = XCBuildConfiguration;
			buildSettings = {
				ASSETCATALOG_COMPILER_APPICON_NAME = AppIcon;
				CODE_SIGN_STYLE = Automatic;
				INFOPLIST_FILE = PanViewApp/Info.plist;
				LD_RUNPATH_SEARCH_PATHS = (
					"$(inherited)",
					"@executable_path/Frameworks",
				);
				PRODUCT_BUNDLE_IDENTIFIER = edu.rockvalleycollege.PanViewApp;
				PRODUCT_NAME = "$(TARGET_NAME)";
				SWIFT_VERSION = 5.0;
				TARGETED_DEVICE_FAMILY = "1,2";
			};
			name = Debug;
		};
		EF258521238CCE6900971ADB /* Release */ = {
			isa = XCBuildConfiguration;
			buildSettings = {
				ASSETCATALOG_COMPILER_APPICON_NAME = AppIcon;
				CODE_SIGN_STYLE = Automatic;
				INFOPLIST_FILE = PanViewApp/Info.plist;
				LD_RUNPATH_SEARCH_PATHS = (
					"$(inherited)",
					"@executable_path/Frameworks",
				);
				PRODUCT_BUNDLE_IDENTIFIER = edu.rockvalleycollege.PanViewApp;
				PRODUCT_NAME = "$(TARGET_NAME)";
				SWIFT_VERSION = 5.0;
				TARGETED_DEVICE_FAMILY = "1,2";
			};
			name = Release;
		};
/* End XCBuildConfiguration section */

/* Begin XCConfigurationList section */
		EF258503238CCE6800971ADB /* Build configuration list for PBXProject "PanViewApp" */ = {
			isa = XCConfigurationList;
			buildConfigurations = (
				EF25851D238CCE6900971ADB /* Debug */,
				EF25851E238CCE6900971ADB /* Release */,
			);
			defaultConfigurationIsVisible = 0;
			defaultConfigurationName = Release;
		};
		EF25851F238CCE6900971ADB /* Build configuration list for PBXNativeTarget "PanViewApp" */ = {
			isa = XCConfigurationList;
			buildConfigurations = (
				EF258520238CCE6900971ADB /* Debug */,
				EF258521238CCE6900971ADB /* Release */,
			);
			defaultConfigurationIsVisible = 0;
			defaultConfigurationName = Release;
		};
/* End XCConfigurationList section */

/* Begin XCVersionGroup section */
		EF258514238CCE6800971ADB /* PanViewApp.xcdatamodeld */ = {
			isa = XCVersionGroup;
			children = (
				EF258515238CCE6800971ADB /* PanViewApp.xcdatamodel */,
			);
			currentVersion = EF258515238CCE6800971ADB /* PanViewApp.xcdatamodel */;
			path = PanViewApp.xcdatamodeld;
			sourceTree = "<group>";
			versionGroupType = wrapper.xcdatamodel;
		};
/* End XCVersionGroup section */
	};
	rootObject = EF258500238CCE6800971ADB /* Project object */;
}
